
Microsoft Visual Studio Solution File, Format Version 12.00
# Visual Studio Version 17
VisualStudioVersion = 17.1.32407.343
MinimumVisualStudioVersion = 10.0.40219.1
Project("{2150E333-8FDC-42A3-9474-1A3956D46DE8}") = "Presentation", "Presentation", "{E9D8EDCD-7212-4D75-8FB2-A394ED8EB830}"
EndProject
Project("{2150E333-8FDC-42A3-9474-1A3956D46DE8}") = "Domain", "Domain", "{EEE00847-84D5-451A-B68D-59498EAF49DB}"
EndProject
Project("{2150E333-8FDC-42A3-9474-1A3956D46DE8}") = "Infrastructure", "Infrastructure", "{61B3D4E2-8B8A-4ED5-AED7-146F81C7C96F}"
EndProject
Project("{2150E333-8FDC-42A3-9474-1A3956D46DE8}") = "Application", "Application", "{95FAC758-6C3C-40A0-B2E9-F86968C0FC68}"
EndProject
Project("{9A19103F-16F7-4668-BE54-9A1E7A4F7556}") = "EvoHub.Domain", "EvoHub.Domain\EvoHub.Domain.csproj", "{4342C345-D437-4E6D-8DED-627793F5670F}"
EndProject
Project("{9A19103F-16F7-4668-BE54-9A1E7A4F7556}") = "EvoHub.Infra", "EvoHub.Infra\EvoHub.Infra.csproj", "{E267CE7C-DF87-4814-9179-2912F3107DD2}"
EndProject
Project("{2150E333-8FDC-42A3-9474-1A3956D46DE8}") = "Tests", "Tests", "{68B10629-6F43-47D4-865F-12AF0B3E05D7}"
EndProject
Project("{9A19103F-16F7-4668-BE54-9A1E7A4F7556}") = "EvoHub.Infra.CrossCutting", "EvoHub.Infra.CrossCutting\EvoHub.Infra.CrossCutting.csproj", "{C98F2865-1111-4A08-9F5A-1637808A41DB}"
EndProject
Project("{9A19103F-16F7-4668-BE54-9A1E7A4F7556}") = "EvoHub.Business", "EvoHub.Business\EvoHub.Business.csproj", "{3252D507-52EF-40D9-A2E4-6D18C82BB3F8}"
EndProject
Project("{9A19103F-16F7-4668-BE54-9A1E7A4F7556}") = "EvoHub.Tests", "EvoHub.UnitTests\EvoHub.Tests.csproj", "{902AB304-858F-4410-8D5C-B56A754B251A}"
EndProject
Project("{9A19103F-16F7-4668-BE54-9A1E7A4F7556}") = "EvoHub.SPA", "EvoHub.SPA\EvoHub.SPA.csproj", "{2BE204B5-BC1F-4C84-A152-84529B83BA6F}"
EndProject
Global
	GlobalSection(SolutionConfigurationPlatforms) = preSolution
		Debug|Any CPU = Debug|Any CPU
		Release|Any CPU = Release|Any CPU
	EndGlobalSection
	GlobalSection(ProjectConfigurationPlatforms) = postSolution
		{4342C345-D437-4E6D-8DED-627793F5670F}.Debug|Any CPU.ActiveCfg = Debug|Any CPU
		{4342C345-D437-4E6D-8DED-627793F5670F}.Debug|Any CPU.Build.0 = Debug|Any CPU
		{4342C345-D437-4E6D-8DED-627793F5670F}.Release|Any CPU.ActiveCfg = Release|Any CPU
		{4342C345-D437-4E6D-8DED-627793F5670F}.Release|Any CPU.Build.0 = Release|Any CPU
		{E267CE7C-DF87-4814-9179-2912F3107DD2}.Debug|Any CPU.ActiveCfg = Debug|Any CPU
		{E267CE7C-DF87-4814-9179-2912F3107DD2}.Debug|Any CPU.Build.0 = Debug|Any CPU
		{E267CE7C-DF87-4814-9179-2912F3107DD2}.Release|Any CPU.ActiveCfg = Release|Any CPU
		{E267CE7C-DF87-4814-9179-2912F3107DD2}.Release|Any CPU.Build.0 = Release|Any CPU
		{C98F2865-1111-4A08-9F5A-1637808A41DB}.Debug|Any CPU.ActiveCfg = Debug|Any CPU
		{C98F2865-1111-4A08-9F5A-1637808A41DB}.Debug|Any CPU.Build.0 = Debug|Any CPU
		{C98F2865-1111-4A08-9F5A-1637808A41DB}.Release|Any CPU.ActiveCfg = Release|Any CPU
		{C98F2865-1111-4A08-9F5A-1637808A41DB}.Release|Any CPU.Build.0 = Release|Any CPU
		{3252D507-52EF-40D9-A2E4-6D18C82BB3F8}.Debug|Any CPU.ActiveCfg = Debug|Any CPU
		{3252D507-52EF-40D9-A2E4-6D18C82BB3F8}.Debug|Any CPU.Build.0 = Debug|Any CPU
		{3252D507-52EF-40D9-A2E4-6D18C82BB3F8}.Release|Any CPU.ActiveCfg = Release|Any CPU
		{3252D507-52EF-40D9-A2E4-6D18C82BB3F8}.Release|Any CPU.Build.0 = Release|Any CPU
		{902AB304-858F-4410-8D5C-B56A754B251A}.Debug|Any CPU.ActiveCfg = Debug|Any CPU
		{902AB304-858F-4410-8D5C-B56A754B251A}.Debug|Any CPU.Build.0 = Debug|Any CPU
		{902AB304-858F-4410-8D5C-B56A754B251A}.Release|Any CPU.ActiveCfg = Release|Any CPU
		{902AB304-858F-4410-8D5C-B56A754B251A}.Release|Any CPU.Build.0 = Release|Any CPU
		{2BE204B5-BC1F-4C84-A152-84529B83BA6F}.Debug|Any CPU.ActiveCfg = Debug|Any CPU
		{2BE204B5-BC1F-4C84-A152-84529B83BA6F}.Debug|Any CPU.Build.0 = Debug|Any CPU
		{2BE204B5-BC1F-4C84-A152-84529B83BA6F}.Release|Any CPU.ActiveCfg = Release|Any CPU
		{2BE204B5-BC1F-4C84-A152-84529B83BA6F}.Release|Any CPU.Build.0 = Release|Any CPU
	EndGlobalSection
	GlobalSection(SolutionProperties) = preSolution
		HideSolutionNode = FALSE
	EndGlobalSection
	GlobalSection(NestedProjects) = preSolution
		{4342C345-D437-4E6D-8DED-627793F5670F} = {EEE00847-84D5-451A-B68D-59498EAF49DB}
		{E267CE7C-DF87-4814-9179-2912F3107DD2} = {61B3D4E2-8B8A-4ED5-AED7-146F81C7C96F}
		{C98F2865-1111-4A08-9F5A-1637808A41DB} = {61B3D4E2-8B8A-4ED5-AED7-146F81C7C96F}
		{3252D507-52EF-40D9-A2E4-6D18C82BB3F8} = {95FAC758-6C3C-40A0-B2E9-F86968C0FC68}
		{902AB304-858F-4410-8D5C-B56A754B251A} = {68B10629-6F43-47D4-865F-12AF0B3E05D7}
		{2BE204B5-BC1F-4C84-A152-84529B83BA6F} = {E9D8EDCD-7212-4D75-8FB2-A394ED8EB830}
	EndGlobalSection
	GlobalSection(ExtensibilityGlobals) = postSolution
		SolutionGuid = {266C1550-83AC-494E-AFC0-10D77F614E5E}
	EndGlobalSection
EndGlobal
